
Microsoft Visual Studio Solution File, Format Version 12.00
# Visual Studio Version 17
VisualStudioVersion = 17.7.34024.191
MinimumVisualStudioVersion = 10.0.40219.1
Project("{FAE04EC0-301F-11D3-BF4B-00C04F79EFBC}") = "NotePad", "NotePad.csproj", "{8ECEEC6F-CBAA-4147-9981-11CD8C272843}"
EndProject
Global
	GlobalSection(SolutionConfigurationPlatforms) = preSolution
		Debug|Any CPU = Debug|Any CPU
		Release|Any CPU = Release|Any CPU
	EndGlobalSection
	GlobalSection(ProjectConfigurationPlatforms) = postSolution
		{8ECEEC6F-CBAA-4147-9981-11CD8C272843}.Debug|Any CPU.ActiveCfg = Debug|Any CPU
		{8ECEEC6F-CBAA-4147-9981-11CD8C272843}.Debug|Any CPU.Build.0 = Debug|Any CPU
		{8ECEEC6F-CBAA-4147-9981-11CD8C272843}.Release|Any CPU.ActiveCfg = Release|Any CPU
		{8ECEEC6F-CBAA-4147-9981-11CD8C272843}.Release|Any CPU.Build.0 = Release|Any CPU
	EndGlobalSection
	GlobalSection(SolutionProperties) = preSolution
		HideSolutionNode = FALSE
	EndGlobalSection
	GlobalSection(ExtensibilityGlobals) = postSolution
		SolutionGuid = {B4ABBAC5-202A-4172-A380-E5E6AEDB525B}
	EndGlobalSection
EndGlobal
